// !$*UTF8*$!
{
	archiveVersion = 1;
	classes = {
	};
	objectVersion = 50;
	objects = {

/* Begin PBXBuildFile section */
		1C395804238EA54100305E4B /* Shaders.metal in Sources */ = {isa = PBXBuildFile; fileRef = E1665C1E235B8ADD0091A3E8 /* Shaders.metal */; };
		1CA8DFD52362DEE200D6C1A6 /* Drawing3DViewController.swift in Sources */ = {isa = PBXBuildFile; fileRef = 1CA8DFD42362DEE200D6C1A6 /* Drawing3DViewController.swift */; };
		1CA8DFD72362DF5400D6C1A6 /* Vertex.swift in Sources */ = {isa = PBXBuildFile; fileRef = 1CA8DFD62362DF5400D6C1A6 /* Vertex.swift */; };
		1CA8DFDA2362E26C00D6C1A6 /* BaseMetalView.swift in Sources */ = {isa = PBXBuildFile; fileRef = 1CA8DFD92362E26C00D6C1A6 /* BaseMetalView.swift */; };
		1CA8DFDC2362E46800D6C1A6 /* BaseMetalViewController.swift in Sources */ = {isa = PBXBuildFile; fileRef = 1CA8DFDB2362E46800D6C1A6 /* BaseMetalViewController.swift */; };
		1CA8DFDE2362E4CD00D6C1A6 /* Traingle2DMetalView.swift in Sources */ = {isa = PBXBuildFile; fileRef = 1CA8DFDD2362E4CD00D6C1A6 /* Traingle2DMetalView.swift */; };
		1CA8DFE02362E5B500D6C1A6 /* Cube3DMetalView.swift in Sources */ = {isa = PBXBuildFile; fileRef = 1CA8DFDF2362E5B500D6C1A6 /* Cube3DMetalView.swift */; };
		1CA8DFE32362EC4500D6C1A6 /* MetalNode.swift in Sources */ = {isa = PBXBuildFile; fileRef = 1CA8DFE22362EC4500D6C1A6 /* MetalNode.swift */; };
		1CA8DFE52362EDF600D6C1A6 /* Triangle.swift in Sources */ = {isa = PBXBuildFile; fileRef = 1CA8DFE42362EDF600D6C1A6 /* Triangle.swift */; };
		1CA8DFE72362F46000D6C1A6 /* Cube.swift in Sources */ = {isa = PBXBuildFile; fileRef = 1CA8DFE62362F46000D6C1A6 /* Cube.swift */; };
		1CA8DFEB2362F86800D6C1A6 /* Matrix4.m in Sources */ = {isa = PBXBuildFile; fileRef = 1CA8DFE92362F86800D6C1A6 /* Matrix4.m */; };
		E104E5B7237E9E43009D7D9F /* Renderer.swift in Sources */ = {isa = PBXBuildFile; fileRef = E104E5AA237E9E42009D7D9F /* Renderer.swift */; };
		E104E5B8237E9E43009D7D9F /* Mesh.swift in Sources */ = {isa = PBXBuildFile; fileRef = E104E5AB237E9E42009D7D9F /* Mesh.swift */; };
		E104E5B9237E9E43009D7D9F /* VertexDescriptor.swift in Sources */ = {isa = PBXBuildFile; fileRef = E104E5AD237E9E42009D7D9F /* VertexDescriptor.swift */; };
		E104E5BB237E9E43009D7D9F /* Node.swift in Sources */ = {isa = PBXBuildFile; fileRef = E104E5AF237E9E42009D7D9F /* Node.swift */; };
		E104E5BC237E9E43009D7D9F /* Model.swift in Sources */ = {isa = PBXBuildFile; fileRef = E104E5B0237E9E42009D7D9F /* Model.swift */; };
		E104E5BD237E9E43009D7D9F /* Camera.swift in Sources */ = {isa = PBXBuildFile; fileRef = E104E5B1237E9E42009D7D9F /* Camera.swift */; };
		E104E5BE237E9E43009D7D9F /* LightViewController.swift in Sources */ = {isa = PBXBuildFile; fileRef = E104E5B2237E9E43009D7D9F /* LightViewController.swift */; };
		E104E5BF237E9E43009D7D9F /* Primitive.swift in Sources */ = {isa = PBXBuildFile; fileRef = E104E5B3237E9E43009D7D9F /* Primitive.swift */; };
		E104E5C0237E9E43009D7D9F /* Submesh.swift in Sources */ = {isa = PBXBuildFile; fileRef = E104E5B4237E9E43009D7D9F /* Submesh.swift */; };
		E104E5C4237E9E7B009D7D9F /* LocalClasses.swift in Sources */ = {isa = PBXBuildFile; fileRef = E104E5C3237E9E7B009D7D9F /* LocalClasses.swift */; };
		E104E5C6237E9ED7009D7D9F /* ViewControllerExtension.swift in Sources */ = {isa = PBXBuildFile; fileRef = E104E5C5237E9ED7009D7D9F /* ViewControllerExtension.swift */; };
		E104E5CD237E9FCC009D7D9F /* train.mtl in Resources */ = {isa = PBXBuildFile; fileRef = E104E5C9237E9FCC009D7D9F /* train.mtl */; };
		E104E5CE237E9FCC009D7D9F /* treefir.obj in Resources */ = {isa = PBXBuildFile; fileRef = E104E5CA237E9FCC009D7D9F /* treefir.obj */; };
		E104E5CF237E9FCC009D7D9F /* treefir.mtl in Resources */ = {isa = PBXBuildFile; fileRef = E104E5CB237E9FCC009D7D9F /* treefir.mtl */; };
		E104E5D0237E9FCC009D7D9F /* train.obj in Resources */ = {isa = PBXBuildFile; fileRef = E104E5CC237E9FCC009D7D9F /* train.obj */; };
		E104E5D6237E9FE9009D7D9F /* DebugLights.metal in Sources */ = {isa = PBXBuildFile; fileRef = E104E5D3237E9FE9009D7D9F /* DebugLights.metal */; };
		E104E5D7237E9FE9009D7D9F /* DebugLights.swift in Sources */ = {isa = PBXBuildFile; fileRef = E104E5D4237E9FE9009D7D9F /* DebugLights.swift */; };
		E104E5D8237E9FE9009D7D9F /* MathLibrary.swift in Sources */ = {isa = PBXBuildFile; fileRef = E104E5D5237E9FE9009D7D9F /* MathLibrary.swift */; };
		E13508D82359D3CB00FE42AD /* SceneSetupViewController.swift in Sources */ = {isa = PBXBuildFile; fileRef = E13508D72359D3CB00FE42AD /* SceneSetupViewController.swift */; };
		E1665C1C235B86870091A3E8 /* Drawing2DViewController.swift in Sources */ = {isa = PBXBuildFile; fileRef = E1665C1B235B86870091A3E8 /* Drawing2DViewController.swift */; };
		E18072D02359B2D100083E46 /* AppDelegate.swift in Sources */ = {isa = PBXBuildFile; fileRef = E18072CF2359B2D100083E46 /* AppDelegate.swift */; };
		E18072D62359B2DA00083E46 /* Assets.xcassets in Resources */ = {isa = PBXBuildFile; fileRef = E18072D52359B2DA00083E46 /* Assets.xcassets */; };
		E18072D92359B2DA00083E46 /* Preview Assets.xcassets in Resources */ = {isa = PBXBuildFile; fileRef = E18072D82359B2DA00083E46 /* Preview Assets.xcassets */; };
		E18072DC2359B2DA00083E46 /* LaunchScreen.storyboard in Resources */ = {isa = PBXBuildFile; fileRef = E18072DA2359B2DA00083E46 /* LaunchScreen.storyboard */; };
		E18072E72359B2DA00083E46 /* Navy_NickelTests.swift in Sources */ = {isa = PBXBuildFile; fileRef = E18072E62359B2DA00083E46 /* Navy_NickelTests.swift */; };
		E18072F32359B62600083E46 /* ChaptersViewController.swift in Sources */ = {isa = PBXBuildFile; fileRef = E18072F22359B62600083E46 /* ChaptersViewController.swift */; };
		E18072F62359BD8200083E46 /* ColoredMetalView.swift in Sources */ = {isa = PBXBuildFile; fileRef = E18072F52359BD8200083E46 /* ColoredMetalView.swift */; };
		E18BC0042360AD6B00F6E0BC /* Array+SizeOf.swift in Sources */ = {isa = PBXBuildFile; fileRef = E18BC0032360AD6B00F6E0BC /* Array+SizeOf.swift */; };
/* End PBXBuildFile section */

/* Begin PBXContainerItemProxy section */
		E18072E32359B2DA00083E46 /* PBXContainerItemProxy */ = {
			isa = PBXContainerItemProxy;
			containerPortal = E18072C42359B2D100083E46 /* Project object */;
			proxyType = 1;
			remoteGlobalIDString = E18072CB2359B2D100083E46;
			remoteInfo = Navy_Nickel;
		};
/* End PBXContainerItemProxy section */

/* Begin PBXFileReference section */
		1CA8DFD42362DEE200D6C1A6 /* Drawing3DViewController.swift */ = {isa = PBXFileReference; lastKnownFileType = sourcecode.swift; path = Drawing3DViewController.swift; sourceTree = "<group>"; };
		1CA8DFD62362DF5400D6C1A6 /* Vertex.swift */ = {isa = PBXFileReference; lastKnownFileType = sourcecode.swift; path = Vertex.swift; sourceTree = "<group>"; };
		1CA8DFD92362E26C00D6C1A6 /* BaseMetalView.swift */ = {isa = PBXFileReference; lastKnownFileType = sourcecode.swift; path = BaseMetalView.swift; sourceTree = "<group>"; };
		1CA8DFDB2362E46800D6C1A6 /* BaseMetalViewController.swift */ = {isa = PBXFileReference; lastKnownFileType = sourcecode.swift; path = BaseMetalViewController.swift; sourceTree = "<group>"; };
		1CA8DFDD2362E4CD00D6C1A6 /* Traingle2DMetalView.swift */ = {isa = PBXFileReference; lastKnownFileType = sourcecode.swift; path = Traingle2DMetalView.swift; sourceTree = "<group>"; };
		1CA8DFDF2362E5B500D6C1A6 /* Cube3DMetalView.swift */ = {isa = PBXFileReference; lastKnownFileType = sourcecode.swift; path = Cube3DMetalView.swift; sourceTree = "<group>"; };
		1CA8DFE22362EC4500D6C1A6 /* MetalNode.swift */ = {isa = PBXFileReference; lastKnownFileType = sourcecode.swift; path = MetalNode.swift; sourceTree = "<group>"; };
		1CA8DFE42362EDF600D6C1A6 /* Triangle.swift */ = {isa = PBXFileReference; lastKnownFileType = sourcecode.swift; path = Triangle.swift; sourceTree = "<group>"; };
		1CA8DFE62362F46000D6C1A6 /* Cube.swift */ = {isa = PBXFileReference; lastKnownFileType = sourcecode.swift; path = Cube.swift; sourceTree = "<group>"; };
		1CA8DFE92362F86800D6C1A6 /* Matrix4.m */ = {isa = PBXFileReference; fileEncoding = 4; lastKnownFileType = sourcecode.c.objc; path = Matrix4.m; sourceTree = "<group>"; };
		1CA8DFEA2362F86800D6C1A6 /* Matrix4.h */ = {isa = PBXFileReference; fileEncoding = 4; lastKnownFileType = sourcecode.c.h; path = Matrix4.h; sourceTree = "<group>"; };
		1CA8DFEC2362F87A00D6C1A6 /* Navy_Nickel-BridgningHeader.h */ = {isa = PBXFileReference; lastKnownFileType = sourcecode.c.h; path = "Navy_Nickel-BridgningHeader.h"; sourceTree = "<group>"; };
		E104E5AA237E9E42009D7D9F /* Renderer.swift */ = {isa = PBXFileReference; fileEncoding = 4; lastKnownFileType = sourcecode.swift; path = Renderer.swift; sourceTree = "<group>"; };
		E104E5AB237E9E42009D7D9F /* Mesh.swift */ = {isa = PBXFileReference; fileEncoding = 4; lastKnownFileType = sourcecode.swift; path = Mesh.swift; sourceTree = "<group>"; };
		E104E5AC237E9E42009D7D9F /* Common.h */ = {isa = PBXFileReference; fileEncoding = 4; lastKnownFileType = sourcecode.c.h; path = Common.h; sourceTree = "<group>"; };
		E104E5AD237E9E42009D7D9F /* VertexDescriptor.swift */ = {isa = PBXFileReference; fileEncoding = 4; lastKnownFileType = sourcecode.swift; path = VertexDescriptor.swift; sourceTree = "<group>"; };
		E104E5AE237E9E42009D7D9F /* Shaders.metal */ = {isa = PBXFileReference; fileEncoding = 4; lastKnownFileType = sourcecode.metal; path = Shaders.metal; sourceTree = "<group>"; };
		E104E5AF237E9E42009D7D9F /* Node.swift */ = {isa = PBXFileReference; fileEncoding = 4; lastKnownFileType = sourcecode.swift; path = Node.swift; sourceTree = "<group>"; };
		E104E5B0237E9E42009D7D9F /* Model.swift */ = {isa = PBXFileReference; fileEncoding = 4; lastKnownFileType = sourcecode.swift; path = Model.swift; sourceTree = "<group>"; };
		E104E5B1237E9E42009D7D9F /* Camera.swift */ = {isa = PBXFileReference; fileEncoding = 4; lastKnownFileType = sourcecode.swift; path = Camera.swift; sourceTree = "<group>"; };
		E104E5B2237E9E43009D7D9F /* LightViewController.swift */ = {isa = PBXFileReference; fileEncoding = 4; lastKnownFileType = sourcecode.swift; path = LightViewController.swift; sourceTree = "<group>"; };
		E104E5B3237E9E43009D7D9F /* Primitive.swift */ = {isa = PBXFileReference; fileEncoding = 4; lastKnownFileType = sourcecode.swift; path = Primitive.swift; sourceTree = "<group>"; };
		E104E5B4237E9E43009D7D9F /* Submesh.swift */ = {isa = PBXFileReference; fileEncoding = 4; lastKnownFileType = sourcecode.swift; path = Submesh.swift; sourceTree = "<group>"; };
		E104E5C3237E9E7B009D7D9F /* LocalClasses.swift */ = {isa = PBXFileReference; fileEncoding = 4; lastKnownFileType = sourcecode.swift; path = LocalClasses.swift; sourceTree = "<group>"; };
		E104E5C5237E9ED7009D7D9F /* ViewControllerExtension.swift */ = {isa = PBXFileReference; fileEncoding = 4; lastKnownFileType = sourcecode.swift; path = ViewControllerExtension.swift; sourceTree = "<group>"; };
		E104E5C9237E9FCC009D7D9F /* train.mtl */ = {isa = PBXFileReference; fileEncoding = 4; lastKnownFileType = text; path = train.mtl; sourceTree = "<group>"; };
		E104E5CA237E9FCC009D7D9F /* treefir.obj */ = {isa = PBXFileReference; fileEncoding = 4; lastKnownFileType = text; path = treefir.obj; sourceTree = "<group>"; };
		E104E5CB237E9FCC009D7D9F /* treefir.mtl */ = {isa = PBXFileReference; fileEncoding = 4; lastKnownFileType = text; path = treefir.mtl; sourceTree = "<group>"; };
		E104E5CC237E9FCC009D7D9F /* train.obj */ = {isa = PBXFileReference; fileEncoding = 4; lastKnownFileType = text; path = train.obj; sourceTree = "<group>"; };
		E104E5D3237E9FE9009D7D9F /* DebugLights.metal */ = {isa = PBXFileReference; fileEncoding = 4; lastKnownFileType = sourcecode.metal; name = DebugLights.metal; path = Navy_Nickel/Lights/Utility/DebugLights.metal; sourceTree = SOURCE_ROOT; };
		E104E5D4237E9FE9009D7D9F /* DebugLights.swift */ = {isa = PBXFileReference; fileEncoding = 4; lastKnownFileType = sourcecode.swift; name = DebugLights.swift; path = Navy_Nickel/Lights/Utility/DebugLights.swift; sourceTree = SOURCE_ROOT; };
		E104E5D5237E9FE9009D7D9F /* MathLibrary.swift */ = {isa = PBXFileReference; fileEncoding = 4; lastKnownFileType = sourcecode.swift; name = MathLibrary.swift; path = Navy_Nickel/Lights/Utility/MathLibrary.swift; sourceTree = SOURCE_ROOT; };
		E13508D72359D3CB00FE42AD /* SceneSetupViewController.swift */ = {isa = PBXFileReference; lastKnownFileType = sourcecode.swift; path = SceneSetupViewController.swift; sourceTree = "<group>"; };
		E1665C1B235B86870091A3E8 /* Drawing2DViewController.swift */ = {isa = PBXFileReference; lastKnownFileType = sourcecode.swift; path = Drawing2DViewController.swift; sourceTree = "<group>"; };
		E1665C1E235B8ADD0091A3E8 /* Shaders.metal */ = {isa = PBXFileReference; lastKnownFileType = sourcecode.metal; path = Shaders.metal; sourceTree = "<group>"; };
		E18072CC2359B2D100083E46 /* Navy_Nickel.app */ = {isa = PBXFileReference; explicitFileType = wrapper.application; includeInIndex = 0; path = Navy_Nickel.app; sourceTree = BUILT_PRODUCTS_DIR; };
		E18072CF2359B2D100083E46 /* AppDelegate.swift */ = {isa = PBXFileReference; lastKnownFileType = sourcecode.swift; path = AppDelegate.swift; sourceTree = "<group>"; };
		E18072D52359B2DA00083E46 /* Assets.xcassets */ = {isa = PBXFileReference; lastKnownFileType = folder.assetcatalog; path = Assets.xcassets; sourceTree = "<group>"; };
		E18072D82359B2DA00083E46 /* Preview Assets.xcassets */ = {isa = PBXFileReference; lastKnownFileType = folder.assetcatalog; path = "Preview Assets.xcassets"; sourceTree = "<group>"; };
		E18072DB2359B2DA00083E46 /* Base */ = {isa = PBXFileReference; lastKnownFileType = file.storyboard; name = Base; path = Base.lproj/LaunchScreen.storyboard; sourceTree = "<group>"; };
		E18072DD2359B2DA00083E46 /* Info.plist */ = {isa = PBXFileReference; lastKnownFileType = text.plist.xml; path = Info.plist; sourceTree = "<group>"; };
		E18072E22359B2DA00083E46 /* Navy_NickelTests.xctest */ = {isa = PBXFileReference; explicitFileType = wrapper.cfbundle; includeInIndex = 0; path = Navy_NickelTests.xctest; sourceTree = BUILT_PRODUCTS_DIR; };
		E18072E62359B2DA00083E46 /* Navy_NickelTests.swift */ = {isa = PBXFileReference; lastKnownFileType = sourcecode.swift; path = Navy_NickelTests.swift; sourceTree = "<group>"; };
		E18072E82359B2DA00083E46 /* Info.plist */ = {isa = PBXFileReference; lastKnownFileType = text.plist.xml; path = Info.plist; sourceTree = "<group>"; };
		E18072F22359B62600083E46 /* ChaptersViewController.swift */ = {isa = PBXFileReference; lastKnownFileType = sourcecode.swift; path = ChaptersViewController.swift; sourceTree = "<group>"; };
		E18072F52359BD8200083E46 /* ColoredMetalView.swift */ = {isa = PBXFileReference; lastKnownFileType = sourcecode.swift; path = ColoredMetalView.swift; sourceTree = "<group>"; };
		E18BC0032360AD6B00F6E0BC /* Array+SizeOf.swift */ = {isa = PBXFileReference; lastKnownFileType = sourcecode.swift; path = "Array+SizeOf.swift"; sourceTree = "<group>"; };
/* End PBXFileReference section */

/* Begin PBXFrameworksBuildPhase section */
		E18072C92359B2D100083E46 /* Frameworks */ = {
			isa = PBXFrameworksBuildPhase;
			buildActionMask = 2147483647;
			files = (
			);
			runOnlyForDeploymentPostprocessing = 0;
		};
		E18072DF2359B2DA00083E46 /* Frameworks */ = {
			isa = PBXFrameworksBuildPhase;
			buildActionMask = 2147483647;
			files = (
			);
			runOnlyForDeploymentPostprocessing = 0;
		};
/* End PBXFrameworksBuildPhase section */

/* Begin PBXGroup section */
		1CA8DFD82362E01E00D6C1A6 /* Entities */ = {
			isa = PBXGroup;
			children = (
				1CA8DFD62362DF5400D6C1A6 /* Vertex.swift */,
			);
			path = Entities;
			sourceTree = "<group>";
		};
		1CA8DFE12362EC3900D6C1A6 /* Nodes */ = {
			isa = PBXGroup;
			children = (
				1CA8DFE22362EC4500D6C1A6 /* MetalNode.swift */,
				1CA8DFE42362EDF600D6C1A6 /* Triangle.swift */,
				1CA8DFE62362F46000D6C1A6 /* Cube.swift */,
			);
			path = Nodes;
			sourceTree = "<group>";
		};
		E104E5A9237E9E28009D7D9F /* Lights */ = {
			isa = PBXGroup;
			children = (
				E104E5AC237E9E42009D7D9F /* Common.h */,
				E104E5D2237E9FDD009D7D9F /* _Utils */,
				E104E5D1237E9FD0009D7D9F /* _Models */,
				E104E5B1237E9E42009D7D9F /* Camera.swift */,
				E104E5AB237E9E42009D7D9F /* Mesh.swift */,
				E104E5B0237E9E42009D7D9F /* Model.swift */,
				E104E5AF237E9E42009D7D9F /* Node.swift */,
				E104E5B3237E9E43009D7D9F /* Primitive.swift */,
				E104E5AA237E9E42009D7D9F /* Renderer.swift */,
				E104E5AE237E9E42009D7D9F /* Shaders.metal */,
				E104E5B4237E9E43009D7D9F /* Submesh.swift */,
				E104E5AD237E9E42009D7D9F /* VertexDescriptor.swift */,
				E104E5B2237E9E43009D7D9F /* LightViewController.swift */,
				E104E5C3237E9E7B009D7D9F /* LocalClasses.swift */,
				E104E5C5237E9ED7009D7D9F /* ViewControllerExtension.swift */,
			);
			path = Lights;
			sourceTree = "<group>";
		};
		E104E5D1237E9FD0009D7D9F /* _Models */ = {
			isa = PBXGroup;
			children = (
				E104E5C9237E9FCC009D7D9F /* train.mtl */,
				E104E5CC237E9FCC009D7D9F /* train.obj */,
				E104E5CB237E9FCC009D7D9F /* treefir.mtl */,
				E104E5CA237E9FCC009D7D9F /* treefir.obj */,
			);
			path = _Models;
			sourceTree = "<group>";
		};
		E104E5D2237E9FDD009D7D9F /* _Utils */ = {
			isa = PBXGroup;
			children = (
				E104E5D3237E9FE9009D7D9F /* DebugLights.metal */,
				E104E5D4237E9FE9009D7D9F /* DebugLights.swift */,
				E104E5D5237E9FE9009D7D9F /* MathLibrary.swift */,
			);
			path = _Utils;
			sourceTree = "<group>";
		};
		E1665C1D235B8ACC0091A3E8 /* Metal */ = {
			isa = PBXGroup;
			children = (
				E1665C1E235B8ADD0091A3E8 /* Shaders.metal */,
			);
			path = Metal;
			sourceTree = "<group>";
		};
		E18072C32359B2D100083E46 = {
			isa = PBXGroup;
			children = (
				E18072CE2359B2D100083E46 /* Navy_Nickel */,
				E18072E52359B2DA00083E46 /* Navy_NickelTests */,
				E18072CD2359B2D100083E46 /* Products */,
			);
			sourceTree = "<group>";
		};
		E18072CD2359B2D100083E46 /* Products */ = {
			isa = PBXGroup;
			children = (
				E18072CC2359B2D100083E46 /* Navy_Nickel.app */,
				E18072E22359B2DA00083E46 /* Navy_NickelTests.xctest */,
			);
			name = Products;
			sourceTree = "<group>";
		};
		E18072CE2359B2D100083E46 /* Navy_Nickel */ = {
			isa = PBXGroup;
			children = (
				E104E5A9237E9E28009D7D9F /* Lights */,
				1CA8DFE12362EC3900D6C1A6 /* Nodes */,
				1CA8DFD82362E01E00D6C1A6 /* Entities */,
				E18BC0022360AD6100F6E0BC /* Extensions */,
				E1665C1D235B8ACC0091A3E8 /* Metal */,
				E18072F42359BD7800083E46 /* Views */,
				E18072F12359B61F00083E46 /* ViewControllers */,
				E18072CF2359B2D100083E46 /* AppDelegate.swift */,
				E18072D52359B2DA00083E46 /* Assets.xcassets */,
				E18072DA2359B2DA00083E46 /* LaunchScreen.storyboard */,
				E18072DD2359B2DA00083E46 /* Info.plist */,
				E18072D72359B2DA00083E46 /* Preview Content */,
				1CA8DFEC2362F87A00D6C1A6 /* Navy_Nickel-BridgningHeader.h */,
				1CA8DFEA2362F86800D6C1A6 /* Matrix4.h */,
				1CA8DFE92362F86800D6C1A6 /* Matrix4.m */,
			);
			path = Navy_Nickel;
			sourceTree = "<group>";
		};
		E18072D72359B2DA00083E46 /* Preview Content */ = {
			isa = PBXGroup;
			children = (
				E18072D82359B2DA00083E46 /* Preview Assets.xcassets */,
			);
			path = "Preview Content";
			sourceTree = "<group>";
		};
		E18072E52359B2DA00083E46 /* Navy_NickelTests */ = {
			isa = PBXGroup;
			children = (
				E18072E62359B2DA00083E46 /* Navy_NickelTests.swift */,
				E18072E82359B2DA00083E46 /* Info.plist */,
			);
			path = Navy_NickelTests;
			sourceTree = "<group>";
		};
		E18072F12359B61F00083E46 /* ViewControllers */ = {
			isa = PBXGroup;
			children = (
				E18072F22359B62600083E46 /* ChaptersViewController.swift */,
				1CA8DFDB2362E46800D6C1A6 /* BaseMetalViewController.swift */,
				E13508D72359D3CB00FE42AD /* SceneSetupViewController.swift */,
				E1665C1B235B86870091A3E8 /* Drawing2DViewController.swift */,
				1CA8DFD42362DEE200D6C1A6 /* Drawing3DViewController.swift */,
			);
			path = ViewControllers;
			sourceTree = "<group>";
		};
		E18072F42359BD7800083E46 /* Views */ = {
			isa = PBXGroup;
			children = (
				1CA8DFD92362E26C00D6C1A6 /* BaseMetalView.swift */,
				E18072F52359BD8200083E46 /* ColoredMetalView.swift */,
				1CA8DFDD2362E4CD00D6C1A6 /* Traingle2DMetalView.swift */,
				1CA8DFDF2362E5B500D6C1A6 /* Cube3DMetalView.swift */,
			);
			path = Views;
			sourceTree = "<group>";
		};
		E18BC0022360AD6100F6E0BC /* Extensions */ = {
			isa = PBXGroup;
			children = (
				E18BC0032360AD6B00F6E0BC /* Array+SizeOf.swift */,
			);
			path = Extensions;
			sourceTree = "<group>";
		};
/* End PBXGroup section */

/* Begin PBXNativeTarget section */
		E18072CB2359B2D100083E46 /* Navy_Nickel */ = {
			isa = PBXNativeTarget;
			buildConfigurationList = E18072EB2359B2DA00083E46 /* Build configuration list for PBXNativeTarget "Navy_Nickel" */;
			buildPhases = (
				E18072C82359B2D100083E46 /* Sources */,
				E18072C92359B2D100083E46 /* Frameworks */,
				E18072CA2359B2D100083E46 /* Resources */,
			);
			buildRules = (
			);
			dependencies = (
			);
			name = Navy_Nickel;
			productName = Navy_Nickel;
			productReference = E18072CC2359B2D100083E46 /* Navy_Nickel.app */;
			productType = "com.apple.product-type.application";
		};
		E18072E12359B2DA00083E46 /* Navy_NickelTests */ = {
			isa = PBXNativeTarget;
			buildConfigurationList = E18072EE2359B2DA00083E46 /* Build configuration list for PBXNativeTarget "Navy_NickelTests" */;
			buildPhases = (
				E18072DE2359B2DA00083E46 /* Sources */,
				E18072DF2359B2DA00083E46 /* Frameworks */,
				E18072E02359B2DA00083E46 /* Resources */,
			);
			buildRules = (
			);
			dependencies = (
				E18072E42359B2DA00083E46 /* PBXTargetDependency */,
			);
			name = Navy_NickelTests;
			productName = Navy_NickelTests;
			productReference = E18072E22359B2DA00083E46 /* Navy_NickelTests.xctest */;
			productType = "com.apple.product-type.bundle.unit-test";
		};
/* End PBXNativeTarget section */

/* Begin PBXProject section */
		E18072C42359B2D100083E46 /* Project object */ = {
			isa = PBXProject;
			attributes = {
				LastSwiftUpdateCheck = 1100;
				LastUpgradeCheck = 1100;
				ORGANIZATIONNAME = "Grzegorz Przybyła(S)";
				TargetAttributes = {
					E18072CB2359B2D100083E46 = {
						CreatedOnToolsVersion = 11.0;
					};
					E18072E12359B2DA00083E46 = {
						CreatedOnToolsVersion = 11.0;
						TestTargetID = E18072CB2359B2D100083E46;
					};
				};
			};
			buildConfigurationList = E18072C72359B2D100083E46 /* Build configuration list for PBXProject "Navy_Nickel" */;
			compatibilityVersion = "Xcode 9.3";
			developmentRegion = en;
			hasScannedForEncodings = 0;
			knownRegions = (
				en,
				Base,
			);
			mainGroup = E18072C32359B2D100083E46;
			productRefGroup = E18072CD2359B2D100083E46 /* Products */;
			projectDirPath = "";
			projectRoot = "";
			targets = (
				E18072CB2359B2D100083E46 /* Navy_Nickel */,
				E18072E12359B2DA00083E46 /* Navy_NickelTests */,
			);
		};
/* End PBXProject section */

/* Begin PBXResourcesBuildPhase section */
		E18072CA2359B2D100083E46 /* Resources */ = {
			isa = PBXResourcesBuildPhase;
			buildActionMask = 2147483647;
			files = (
				E104E5CE237E9FCC009D7D9F /* treefir.obj in Resources */,
				E104E5D0237E9FCC009D7D9F /* train.obj in Resources */,
				E18072DC2359B2DA00083E46 /* LaunchScreen.storyboard in Resources */,
				E18072D92359B2DA00083E46 /* Preview Assets.xcassets in Resources */,
				E104E5CF237E9FCC009D7D9F /* treefir.mtl in Resources */,
				E104E5CD237E9FCC009D7D9F /* train.mtl in Resources */,
				E18072D62359B2DA00083E46 /* Assets.xcassets in Resources */,
			);
			runOnlyForDeploymentPostprocessing = 0;
		};
		E18072E02359B2DA00083E46 /* Resources */ = {
			isa = PBXResourcesBuildPhase;
			buildActionMask = 2147483647;
			files = (
			);
			runOnlyForDeploymentPostprocessing = 0;
		};
/* End PBXResourcesBuildPhase section */

/* Begin PBXSourcesBuildPhase section */
		E18072C82359B2D100083E46 /* Sources */ = {
			isa = PBXSourcesBuildPhase;
			buildActionMask = 2147483647;
			files = (
				E104E5BE237E9E43009D7D9F /* LightViewController.swift in Sources */,
				1CA8DFD72362DF5400D6C1A6 /* Vertex.swift in Sources */,
				1CA8DFDE2362E4CD00D6C1A6 /* Traingle2DMetalView.swift in Sources */,
				E104E5BB237E9E43009D7D9F /* Node.swift in Sources */,
				E104E5D7237E9FE9009D7D9F /* DebugLights.swift in Sources */,
				1CA8DFE02362E5B500D6C1A6 /* Cube3DMetalView.swift in Sources */,
				1CA8DFE72362F46000D6C1A6 /* Cube.swift in Sources */,
				E18072F32359B62600083E46 /* ChaptersViewController.swift in Sources */,
				1CA8DFEB2362F86800D6C1A6 /* Matrix4.m in Sources */,
				E104E5BF237E9E43009D7D9F /* Primitive.swift in Sources */,
				E104E5BD237E9E43009D7D9F /* Camera.swift in Sources */,
				1CA8DFD52362DEE200D6C1A6 /* Drawing3DViewController.swift in Sources */,
				E18072F62359BD8200083E46 /* ColoredMetalView.swift in Sources */,
				E104E5C0237E9E43009D7D9F /* Submesh.swift in Sources */,
				E13508D82359D3CB00FE42AD /* SceneSetupViewController.swift in Sources */,
				E104E5B9237E9E43009D7D9F /* VertexDescriptor.swift in Sources */,
				E18BC0042360AD6B00F6E0BC /* Array+SizeOf.swift in Sources */,
				E104E5C6237E9ED7009D7D9F /* ViewControllerExtension.swift in Sources */,
				E104E5B8237E9E43009D7D9F /* Mesh.swift in Sources */,
				E104E5C4237E9E7B009D7D9F /* LocalClasses.swift in Sources */,
				E104E5BC237E9E43009D7D9F /* Model.swift in Sources */,
				E104E5D6237E9FE9009D7D9F /* DebugLights.metal in Sources */,
				1CA8DFDC2362E46800D6C1A6 /* BaseMetalViewController.swift in Sources */,
				E104E5D8237E9FE9009D7D9F /* MathLibrary.swift in Sources */,
				1C395804238EA54100305E4B /* Shaders.metal in Sources */,
				1CA8DFDA2362E26C00D6C1A6 /* BaseMetalView.swift in Sources */,
				E18072D02359B2D100083E46 /* AppDelegate.swift in Sources */,
				1CA8DFE52362EDF600D6C1A6 /* Triangle.swift in Sources */,
				E1665C1C235B86870091A3E8 /* Drawing2DViewController.swift in Sources */,
				E104E5B7237E9E43009D7D9F /* Renderer.swift in Sources */,
				1CA8DFE32362EC4500D6C1A6 /* MetalNode.swift in Sources */,
			);
			runOnlyForDeploymentPostprocessing = 0;
		};
		E18072DE2359B2DA00083E46 /* Sources */ = {
			isa = PBXSourcesBuildPhase;
			buildActionMask = 2147483647;
			files = (
				E18072E72359B2DA00083E46 /* Navy_NickelTests.swift in Sources */,
			);
			runOnlyForDeploymentPostprocessing = 0;
		};
/* End PBXSourcesBuildPhase section */

/* Begin PBXTargetDependency section */
		E18072E42359B2DA00083E46 /* PBXTargetDependency */ = {
			isa = PBXTargetDependency;
			target = E18072CB2359B2D100083E46 /* Navy_Nickel */;
			targetProxy = E18072E32359B2DA00083E46 /* PBXContainerItemProxy */;
		};
/* End PBXTargetDependency section */

/* Begin PBXVariantGroup section */
		E18072DA2359B2DA00083E46 /* LaunchScreen.storyboard */ = {
			isa = PBXVariantGroup;
			children = (
				E18072DB2359B2DA00083E46 /* Base */,
			);
			name = LaunchScreen.storyboard;
			sourceTree = "<group>";
		};
/* End PBXVariantGroup section */

/* Begin XCBuildConfiguration section */
		E18072E92359B2DA00083E46 /* Debug */ = {
			isa = XCBuildConfiguration;
			buildSettings = {
				ALWAYS_SEARCH_USER_PATHS = NO;
				CLANG_ANALYZER_NONNULL = YES;
				CLANG_ANALYZER_NUMBER_OBJECT_CONVERSION = YES_AGGRESSIVE;
				CLANG_CXX_LANGUAGE_STANDARD = "gnu++14";
				CLANG_CXX_LIBRARY = "libc++";
				CLANG_ENABLE_MODULES = YES;
				CLANG_ENABLE_OBJC_ARC = YES;
				CLANG_ENABLE_OBJC_WEAK = YES;
				CLANG_WARN_BLOCK_CAPTURE_AUTORELEASING = YES;
				CLANG_WARN_BOOL_CONVERSION = YES;
				CLANG_WARN_COMMA = YES;
				CLANG_WARN_CONSTANT_CONVERSION = YES;
				CLANG_WARN_DEPRECATED_OBJC_IMPLEMENTATIONS = YES;
				CLANG_WARN_DIRECT_OBJC_ISA_USAGE = YES_ERROR;
				CLANG_WARN_DOCUMENTATION_COMMENTS = YES;
				CLANG_WARN_EMPTY_BODY = YES;
				CLANG_WARN_ENUM_CONVERSION = YES;
				CLANG_WARN_INFINITE_RECURSION = YES;
				CLANG_WARN_INT_CONVERSION = YES;
				CLANG_WARN_NON_LITERAL_NULL_CONVERSION = YES;
				CLANG_WARN_OBJC_IMPLICIT_RETAIN_SELF = YES;
				CLANG_WARN_OBJC_LITERAL_CONVERSION = YES;
				CLANG_WARN_OBJC_ROOT_CLASS = YES_ERROR;
				CLANG_WARN_RANGE_LOOP_ANALYSIS = YES;
				CLANG_WARN_STRICT_PROTOTYPES = YES;
				CLANG_WARN_SUSPICIOUS_MOVE = YES;
				CLANG_WARN_UNGUARDED_AVAILABILITY = YES_AGGRESSIVE;
				CLANG_WARN_UNREACHABLE_CODE = YES;
				CLANG_WARN__DUPLICATE_METHOD_MATCH = YES;
				COPY_PHASE_STRIP = NO;
				DEBUG_INFORMATION_FORMAT = dwarf;
				ENABLE_STRICT_OBJC_MSGSEND = YES;
				ENABLE_TESTABILITY = YES;
				GCC_C_LANGUAGE_STANDARD = gnu11;
				GCC_DYNAMIC_NO_PIC = NO;
				GCC_NO_COMMON_BLOCKS = YES;
				GCC_OPTIMIZATION_LEVEL = 0;
				GCC_PREPROCESSOR_DEFINITIONS = (
					"DEBUG=1",
					"$(inherited)",
				);
				GCC_WARN_64_TO_32_BIT_CONVERSION = YES;
				GCC_WARN_ABOUT_RETURN_TYPE = YES_ERROR;
				GCC_WARN_UNDECLARED_SELECTOR = YES;
				GCC_WARN_UNINITIALIZED_AUTOS = YES_AGGRESSIVE;
				GCC_WARN_UNUSED_FUNCTION = YES;
				GCC_WARN_UNUSED_VARIABLE = YES;
				IPHONEOS_DEPLOYMENT_TARGET = 13.0;
				MTL_ENABLE_DEBUG_INFO = INCLUDE_SOURCE;
				MTL_FAST_MATH = YES;
				ONLY_ACTIVE_ARCH = YES;
				SDKROOT = iphoneos;
				SWIFT_ACTIVE_COMPILATION_CONDITIONS = DEBUG;
				SWIFT_OPTIMIZATION_LEVEL = "-Onone";
			};
			name = Debug;
		};
		E18072EA2359B2DA00083E46 /* Release */ = {
			isa = XCBuildConfiguration;
			buildSettings = {
				ALWAYS_SEARCH_USER_PATHS = NO;
				CLANG_ANALYZER_NONNULL = YES;
				CLANG_ANALYZER_NUMBER_OBJECT_CONVERSION = YES_AGGRESSIVE;
				CLANG_CXX_LANGUAGE_STANDARD = "gnu++14";
				CLANG_CXX_LIBRARY = "libc++";
				CLANG_ENABLE_MODULES = YES;
				CLANG_ENABLE_OBJC_ARC = YES;
				CLANG_ENABLE_OBJC_WEAK = YES;
				CLANG_WARN_BLOCK_CAPTURE_AUTORELEASING = YES;
				CLANG_WARN_BOOL_CONVERSION = YES;
				CLANG_WARN_COMMA = YES;
				CLANG_WARN_CONSTANT_CONVERSION = YES;
				CLANG_WARN_DEPRECATED_OBJC_IMPLEMENTATIONS = YES;
				CLANG_WARN_DIRECT_OBJC_ISA_USAGE = YES_ERROR;
				CLANG_WARN_DOCUMENTATION_COMMENTS = YES;
				CLANG_WARN_EMPTY_BODY = YES;
				CLANG_WARN_ENUM_CONVERSION = YES;
				CLANG_WARN_INFINITE_RECURSION = YES;
				CLANG_WARN_INT_CONVERSION = YES;
				CLANG_WARN_NON_LITERAL_NULL_CONVERSION = YES;
				CLANG_WARN_OBJC_IMPLICIT_RETAIN_SELF = YES;
				CLANG_WARN_OBJC_LITERAL_CONVERSION = YES;
				CLANG_WARN_OBJC_ROOT_CLASS = YES_ERROR;
				CLANG_WARN_RANGE_LOOP_ANALYSIS = YES;
				CLANG_WARN_STRICT_PROTOTYPES = YES;
				CLANG_WARN_SUSPICIOUS_MOVE = YES;
				CLANG_WARN_UNGUARDED_AVAILABILITY = YES_AGGRESSIVE;
				CLANG_WARN_UNREACHABLE_CODE = YES;
				CLANG_WARN__DUPLICATE_METHOD_MATCH = YES;
				COPY_PHASE_STRIP = NO;
				DEBUG_INFORMATION_FORMAT = "dwarf-with-dsym";
				ENABLE_NS_ASSERTIONS = NO;
				ENABLE_STRICT_OBJC_MSGSEND = YES;
				GCC_C_LANGUAGE_STANDARD = gnu11;
				GCC_NO_COMMON_BLOCKS = YES;
				GCC_WARN_64_TO_32_BIT_CONVERSION = YES;
				GCC_WARN_ABOUT_RETURN_TYPE = YES_ERROR;
				GCC_WARN_UNDECLARED_SELECTOR = YES;
				GCC_WARN_UNINITIALIZED_AUTOS = YES_AGGRESSIVE;
				GCC_WARN_UNUSED_FUNCTION = YES;
				GCC_WARN_UNUSED_VARIABLE = YES;
				IPHONEOS_DEPLOYMENT_TARGET = 13.0;
				MTL_ENABLE_DEBUG_INFO = NO;
				MTL_FAST_MATH = YES;
				SDKROOT = iphoneos;
				SWIFT_COMPILATION_MODE = wholemodule;
				SWIFT_OPTIMIZATION_LEVEL = "-O";
				VALIDATE_PRODUCT = YES;
			};
			name = Release;
		};
		E18072EC2359B2DA00083E46 /* Debug */ = {
			isa = XCBuildConfiguration;
			buildSettings = {
				ASSETCATALOG_COMPILER_APPICON_NAME = AppIcon;
				CODE_SIGN_STYLE = Automatic;
				DEVELOPMENT_ASSET_PATHS = "\"Navy_Nickel/Preview Content\"";
				DEVELOPMENT_TEAM = 66K4T9EQN8;
				ENABLE_PREVIEWS = YES;
				INFOPLIST_FILE = Navy_Nickel/Info.plist;
				LD_RUNPATH_SEARCH_PATHS = (
					"$(inherited)",
					"@executable_path/Frameworks",
				);
				PRODUCT_BUNDLE_IDENTIFIER = "com.silvair.Navy-Nickel";
				PRODUCT_NAME = "$(TARGET_NAME)";
				SWIFT_OBJC_BRIDGING_HEADER = "Navy_Nickel/Navy_Nickel-BridgningHeader.h";
				SWIFT_VERSION = 5.0;
				TARGETED_DEVICE_FAMILY = "1,2";
			};
			name = Debug;
		};
		E18072ED2359B2DA00083E46 /* Release */ = {
			isa = XCBuildConfiguration;
			buildSettings = {
				ASSETCATALOG_COMPILER_APPICON_NAME = AppIcon;
				CODE_SIGN_STYLE = Automatic;
				DEVELOPMENT_ASSET_PATHS = "\"Navy_Nickel/Preview Content\"";
				DEVELOPMENT_TEAM = 66K4T9EQN8;
				ENABLE_PREVIEWS = YES;
				INFOPLIST_FILE = Navy_Nickel/Info.plist;
				LD_RUNPATH_SEARCH_PATHS = (
					"$(inherited)",
					"@executable_path/Frameworks",
				);
				PRODUCT_BUNDLE_IDENTIFIER = "com.silvair.Navy-Nickel";
				PRODUCT_NAME = "$(TARGET_NAME)";
				SWIFT_OBJC_BRIDGING_HEADER = "Navy_Nickel/Navy_Nickel-BridgningHeader.h";
				SWIFT_VERSION = 5.0;
				TARGETED_DEVICE_FAMILY = "1,2";
			};
			name = Release;
		};
		E18072EF2359B2DA00083E46 /* Debug */ = {
			isa = XCBuildConfiguration;
			buildSettings = {
				ALWAYS_EMBED_SWIFT_STANDARD_LIBRARIES = YES;
				BUNDLE_LOADER = "$(TEST_HOST)";
				CODE_SIGN_STYLE = Automatic;
				DEVELOPMENT_TEAM = 66K4T9EQN8;
				INFOPLIST_FILE = Navy_NickelTests/Info.plist;
				IPHONEOS_DEPLOYMENT_TARGET = 13.0;
				LD_RUNPATH_SEARCH_PATHS = (
					"$(inherited)",
					"@executable_path/Frameworks",
					"@loader_path/Frameworks",
				);
				PRODUCT_BUNDLE_IDENTIFIER = "com.silvair.Navy-NickelTests";
				PRODUCT_NAME = "$(TARGET_NAME)";
				SWIFT_VERSION = 5.0;
				TARGETED_DEVICE_FAMILY = "1,2";
				TEST_HOST = "$(BUILT_PRODUCTS_DIR)/Navy_Nickel.app/Navy_Nickel";
			};
			name = Debug;
		};
		E18072F02359B2DA00083E46 /* Release */ = {
			isa = XCBuildConfiguration;
			buildSettings = {
				ALWAYS_EMBED_SWIFT_STANDARD_LIBRARIES = YES;
				BUNDLE_LOADER = "$(TEST_HOST)";
				CODE_SIGN_STYLE = Automatic;
				DEVELOPMENT_TEAM = 66K4T9EQN8;
				INFOPLIST_FILE = Navy_NickelTests/Info.plist;
				IPHONEOS_DEPLOYMENT_TARGET = 13.0;
				LD_RUNPATH_SEARCH_PATHS = (
					"$(inherited)",
					"@executable_path/Frameworks",
					"@loader_path/Frameworks",
				);
				PRODUCT_BUNDLE_IDENTIFIER = "com.silvair.Navy-NickelTests";
				PRODUCT_NAME = "$(TARGET_NAME)";
				SWIFT_VERSION = 5.0;
				TARGETED_DEVICE_FAMILY = "1,2";
				TEST_HOST = "$(BUILT_PRODUCTS_DIR)/Navy_Nickel.app/Navy_Nickel";
			};
			name = Release;
		};
/* End XCBuildConfiguration section */

/* Begin XCConfigurationList section */
		E18072C72359B2D100083E46 /* Build configuration list for PBXProject "Navy_Nickel" */ = {
			isa = XCConfigurationList;
			buildConfigurations = (
				E18072E92359B2DA00083E46 /* Debug */,
				E18072EA2359B2DA00083E46 /* Release */,
			);
			defaultConfigurationIsVisible = 0;
			defaultConfigurationName = Release;
		};
		E18072EB2359B2DA00083E46 /* Build configuration list for PBXNativeTarget "Navy_Nickel" */ = {
			isa = XCConfigurationList;
			buildConfigurations = (
				E18072EC2359B2DA00083E46 /* Debug */,
				E18072ED2359B2DA00083E46 /* Release */,
			);
			defaultConfigurationIsVisible = 0;
			defaultConfigurationName = Release;
		};
		E18072EE2359B2DA00083E46 /* Build configuration list for PBXNativeTarget "Navy_NickelTests" */ = {
			isa = XCConfigurationList;
			buildConfigurations = (
				E18072EF2359B2DA00083E46 /* Debug */,
				E18072F02359B2DA00083E46 /* Release */,
			);
			defaultConfigurationIsVisible = 0;
			defaultConfigurationName = Release;
		};
/* End XCConfigurationList section */
	};
	rootObject = E18072C42359B2D100083E46 /* Project object */;
}
